
Microsoft Visual Studio Solution File, Format Version 12.00
# Visual Studio Version 16
VisualStudioVersion = 16.0.30907.101
MinimumVisualStudioVersion = 10.0.40219.1
Project("{9A19103F-16F7-4668-BE54-9A1E7A4F7556}") = "Programming", "Programming\Programming.csproj", "{D8DB5223-DD04-4660-A37F-7D3AA943564B}"
EndProject
Project("{9A19103F-16F7-4668-BE54-9A1E7A4F7556}") = "Lab5.1", "Lab5.1\Lab5.1.csproj", "{2751686B-7ED4-4632-8AB2-BE2160B3CE23}"
EndProject
Project("{9A19103F-16F7-4668-BE54-9A1E7A4F7556}") = "Lab5.2", "Lab5.2\Lab5.2.csproj", "{D72F5C29-4FBD-45CC-B683-AE244A55D3BE}"
EndProject
Project("{9A19103F-16F7-4668-BE54-9A1E7A4F7556}") = "Lab6", "Lab6\Lab6.csproj", "{FA766755-4947-4EAC-9FF1-E27059F3F13A}"
EndProject
Project("{9A19103F-16F7-4668-BE54-9A1E7A4F7556}") = "Lab7_1", "Lab7_1\Lab7_1.csproj", "{6F3880D6-9689-48C3-85C8-388A7BD840C2}"
EndProject
Project("{9A19103F-16F7-4668-BE54-9A1E7A4F7556}") = "Lab7_2", "Lab7_2\Lab7_2.csproj", "{AA8B2E0E-7A38-44E8-80D4-D2928FDCC4E5}"
EndProject
Project("{9A19103F-16F7-4668-BE54-9A1E7A4F7556}") = "Lab8_1", "Lab8_1\Lab8_1.csproj", "{C36B8084-3FBE-47C5-8333-3E7C0291DDDD}"
EndProject
Project("{FAE04EC0-301F-11D3-BF4B-00C04F79EFBC}") = "Lab8_2", "Lab8_2\Lab8_2.csproj", "{DC807F2A-713D-4546-9B2A-760C12BA5D80}"
EndProject
Project("{FAE04EC0-301F-11D3-BF4B-00C04F79EFBC}") = "Lab9_2", "Lab9_2\Lab9_2.csproj", "{6D6CBD9A-ADF4-40FB-AE6C-D5414B2EC135}"
EndProject
Project("{FAE04EC0-301F-11D3-BF4B-00C04F79EFBC}") = "Lab9_1", "Lab9_1\Lab9_1.csproj", "{EC29B1E3-53B0-4C57-BB88-C597EBBD4191}"
EndProject
Global
	GlobalSection(SolutionConfigurationPlatforms) = preSolution
		Debug|Any CPU = Debug|Any CPU
		Release|Any CPU = Release|Any CPU
	EndGlobalSection
	GlobalSection(ProjectConfigurationPlatforms) = postSolution
		{D8DB5223-DD04-4660-A37F-7D3AA943564B}.Debug|Any CPU.ActiveCfg = Debug|Any CPU
		{D8DB5223-DD04-4660-A37F-7D3AA943564B}.Debug|Any CPU.Build.0 = Debug|Any CPU
		{D8DB5223-DD04-4660-A37F-7D3AA943564B}.Release|Any CPU.ActiveCfg = Release|Any CPU
		{D8DB5223-DD04-4660-A37F-7D3AA943564B}.Release|Any CPU.Build.0 = Release|Any CPU
		{2751686B-7ED4-4632-8AB2-BE2160B3CE23}.Debug|Any CPU.ActiveCfg = Debug|Any CPU
		{2751686B-7ED4-4632-8AB2-BE2160B3CE23}.Debug|Any CPU.Build.0 = Debug|Any CPU
		{2751686B-7ED4-4632-8AB2-BE2160B3CE23}.Release|Any CPU.ActiveCfg = Release|Any CPU
		{2751686B-7ED4-4632-8AB2-BE2160B3CE23}.Release|Any CPU.Build.0 = Release|Any CPU
		{D72F5C29-4FBD-45CC-B683-AE244A55D3BE}.Debug|Any CPU.ActiveCfg = Debug|Any CPU
		{D72F5C29-4FBD-45CC-B683-AE244A55D3BE}.Debug|Any CPU.Build.0 = Debug|Any CPU
		{D72F5C29-4FBD-45CC-B683-AE244A55D3BE}.Release|Any CPU.ActiveCfg = Release|Any CPU
		{D72F5C29-4FBD-45CC-B683-AE244A55D3BE}.Release|Any CPU.Build.0 = Release|Any CPU
		{FA766755-4947-4EAC-9FF1-E27059F3F13A}.Debug|Any CPU.ActiveCfg = Debug|Any CPU
		{FA766755-4947-4EAC-9FF1-E27059F3F13A}.Debug|Any CPU.Build.0 = Debug|Any CPU
		{FA766755-4947-4EAC-9FF1-E27059F3F13A}.Release|Any CPU.ActiveCfg = Release|Any CPU
		{FA766755-4947-4EAC-9FF1-E27059F3F13A}.Release|Any CPU.Build.0 = Release|Any CPU
		{6F3880D6-9689-48C3-85C8-388A7BD840C2}.Debug|Any CPU.ActiveCfg = Debug|Any CPU
		{6F3880D6-9689-48C3-85C8-388A7BD840C2}.Debug|Any CPU.Build.0 = Debug|Any CPU
		{6F3880D6-9689-48C3-85C8-388A7BD840C2}.Release|Any CPU.ActiveCfg = Release|Any CPU
		{6F3880D6-9689-48C3-85C8-388A7BD840C2}.Release|Any CPU.Build.0 = Release|Any CPU
		{AA8B2E0E-7A38-44E8-80D4-D2928FDCC4E5}.Debug|Any CPU.ActiveCfg = Debug|Any CPU
		{AA8B2E0E-7A38-44E8-80D4-D2928FDCC4E5}.Debug|Any CPU.Build.0 = Debug|Any CPU
		{AA8B2E0E-7A38-44E8-80D4-D2928FDCC4E5}.Release|Any CPU.ActiveCfg = Release|Any CPU
		{AA8B2E0E-7A38-44E8-80D4-D2928FDCC4E5}.Release|Any CPU.Build.0 = Release|Any CPU
		{C36B8084-3FBE-47C5-8333-3E7C0291DDDD}.Debug|Any CPU.ActiveCfg = Debug|Any CPU
		{C36B8084-3FBE-47C5-8333-3E7C0291DDDD}.Debug|Any CPU.Build.0 = Debug|Any CPU
		{C36B8084-3FBE-47C5-8333-3E7C0291DDDD}.Release|Any CPU.ActiveCfg = Release|Any CPU
		{C36B8084-3FBE-47C5-8333-3E7C0291DDDD}.Release|Any CPU.Build.0 = Release|Any CPU
		{DC807F2A-713D-4546-9B2A-760C12BA5D80}.Debug|Any CPU.ActiveCfg = Debug|Any CPU
		{DC807F2A-713D-4546-9B2A-760C12BA5D80}.Debug|Any CPU.Build.0 = Debug|Any CPU
		{DC807F2A-713D-4546-9B2A-760C12BA5D80}.Release|Any CPU.ActiveCfg = Release|Any CPU
		{DC807F2A-713D-4546-9B2A-760C12BA5D80}.Release|Any CPU.Build.0 = Release|Any CPU
		{6D6CBD9A-ADF4-40FB-AE6C-D5414B2EC135}.Debug|Any CPU.ActiveCfg = Debug|Any CPU
		{6D6CBD9A-ADF4-40FB-AE6C-D5414B2EC135}.Debug|Any CPU.Build.0 = Debug|Any CPU
		{6D6CBD9A-ADF4-40FB-AE6C-D5414B2EC135}.Release|Any CPU.ActiveCfg = Release|Any CPU
		{6D6CBD9A-ADF4-40FB-AE6C-D5414B2EC135}.Release|Any CPU.Build.0 = Release|Any CPU
		{EC29B1E3-53B0-4C57-BB88-C597EBBD4191}.Debug|Any CPU.ActiveCfg = Debug|Any CPU
		{EC29B1E3-53B0-4C57-BB88-C597EBBD4191}.Debug|Any CPU.Build.0 = Debug|Any CPU
		{EC29B1E3-53B0-4C57-BB88-C597EBBD4191}.Release|Any CPU.ActiveCfg = Release|Any CPU
		{EC29B1E3-53B0-4C57-BB88-C597EBBD4191}.Release|Any CPU.Build.0 = Release|Any CPU
	EndGlobalSection
	GlobalSection(SolutionProperties) = preSolution
		HideSolutionNode = FALSE
	EndGlobalSection
	GlobalSection(ExtensibilityGlobals) = postSolution
		SolutionGuid = {B1DCAE2E-A95A-4BC3-913C-3427F81A1899}
	EndGlobalSection
EndGlobal
